// !$*UTF8*$!
{
	archiveVersion = 1;
	classes = {
	};
	objectVersion = 50;
	objects = {

/* Begin PBXBuildFile section */
		522B1039229CD611006B2721 /* AppDelegate.m in Sources */ = {isa = PBXBuildFile; fileRef = 522B1038229CD611006B2721 /* AppDelegate.m */; };
		522B103F229CD611006B2721 /* Main.storyboard in Resources */ = {isa = PBXBuildFile; fileRef = 522B103D229CD611006B2721 /* Main.storyboard */; };
		522B1041229CD612006B2721 /* Assets.xcassets in Resources */ = {isa = PBXBuildFile; fileRef = 522B1040229CD612006B2721 /* Assets.xcassets */; };
		522B1044229CD612006B2721 /* LaunchScreen.storyboard in Resources */ = {isa = PBXBuildFile; fileRef = 522B1042229CD612006B2721 /* LaunchScreen.storyboard */; };
		522B1047229CD612006B2721 /* main.m in Sources */ = {isa = PBXBuildFile; fileRef = 522B1046229CD612006B2721 /* main.m */; };
		522B1050229CF869006B2721 /* ExitThread.storyboard in Resources */ = {isa = PBXBuildFile; fileRef = 522B104E229CF869006B2721 /* ExitThread.storyboard */; };
		522B1053229CF9F4006B2721 /* KeepThreadBusyViewController.m in Sources */ = {isa = PBXBuildFile; fileRef = 522B1052229CF9F4006B2721 /* KeepThreadBusyViewController.m */; };
		522B1056229CFA10006B2721 /* TZThread.m in Sources */ = {isa = PBXBuildFile; fileRef = 522B1055229CFA10006B2721 /* TZThread.m */; };
		522B105C229CFDFE006B2721 /* TableViewController.m in Sources */ = {isa = PBXBuildFile; fileRef = 522B105B229CFDFE006B2721 /* TableViewController.m */; };
		522B1062229D0CF6006B2721 /* RLModesViewController.m in Sources */ = {isa = PBXBuildFile; fileRef = 522B1061229D0CF6006B2721 /* RLModesViewController.m */; };
		522B1065229D0D29006B2721 /* RLModes.storyboard in Resources */ = {isa = PBXBuildFile; fileRef = 522B1063229D0D29006B2721 /* RLModes.storyboard */; };
		522B106A229D32A7006B2721 /* ObserverViewController.m in Sources */ = {isa = PBXBuildFile; fileRef = 522B1069229D32A7006B2721 /* ObserverViewController.m */; };
		522B106D229D330E006B2721 /* RLObserver.storyboard in Resources */ = {isa = PBXBuildFile; fileRef = 522B106B229D330E006B2721 /* RLObserver.storyboard */; };
		522B1071229D3D7F006B2721 /* RunLoopSource.m in Sources */ = {isa = PBXBuildFile; fileRef = 522B1070229D3D7F006B2721 /* RunLoopSource.m */; };
		522B1074229D3EF3006B2721 /* RunLoopContext.m in Sources */ = {isa = PBXBuildFile; fileRef = 522B1073229D3EF3006B2721 /* RunLoopContext.m */; };
		522B1077229E479B006B2721 /* HeavyTaskThread.m in Sources */ = {isa = PBXBuildFile; fileRef = 522B1076229E479B006B2721 /* HeavyTaskThread.m */; };
		522B107A229E54CE006B2721 /* CustomInputSouceViewController.m in Sources */ = {isa = PBXBuildFile; fileRef = 522B1079229E54CE006B2721 /* CustomInputSouceViewController.m */; };
		522B107D229E550C006B2721 /* CustomInput.storyboard in Resources */ = {isa = PBXBuildFile; fileRef = 522B107B229E550C006B2721 /* CustomInput.storyboard */; };
		522B1081229E66E3006B2721 /* PortInoutSourceViewController.m in Sources */ = {isa = PBXBuildFile; fileRef = 522B1080229E66E3006B2721 /* PortInoutSourceViewController.m */; };
		522B1084229E67FF006B2721 /* MyWorkerClass.m in Sources */ = {isa = PBXBuildFile; fileRef = 522B1083229E67FF006B2721 /* MyWorkerClass.m */; };
		522B1087229E72AE006B2721 /* Port-Based.storyboard in Resources */ = {isa = PBXBuildFile; fileRef = 522B1085229E72AE006B2721 /* Port-Based.storyboard */; };
		522B1089229F6F85006B2721 /* README.md in Resources */ = {isa = PBXBuildFile; fileRef = 522B1088229F6F85006B2721 /* README.md */; };
/* End PBXBuildFile section */

/* Begin PBXFileReference section */
		522B1034229CD611006B2721 /* RunLoopDemo.app */ = {isa = PBXFileReference; explicitFileType = wrapper.application; includeInIndex = 0; path = RunLoopDemo.app; sourceTree = BUILT_PRODUCTS_DIR; };
		522B1037229CD611006B2721 /* AppDelegate.h */ = {isa = PBXFileReference; lastKnownFileType = sourcecode.c.h; path = AppDelegate.h; sourceTree = "<group>"; };
		522B1038229CD611006B2721 /* AppDelegate.m */ = {isa = PBXFileReference; lastKnownFileType = sourcecode.c.objc; path = AppDelegate.m; sourceTree = "<group>"; };
		522B103E229CD611006B2721 /* Base */ = {isa = PBXFileReference; lastKnownFileType = file.storyboard; name = Base; path = Base.lproj/Main.storyboard; sourceTree = "<group>"; };
		522B1040229CD612006B2721 /* Assets.xcassets */ = {isa = PBXFileReference; lastKnownFileType = folder.assetcatalog; path = Assets.xcassets; sourceTree = "<group>"; };
		522B1043229CD612006B2721 /* Base */ = {isa = PBXFileReference; lastKnownFileType = file.storyboard; name = Base; path = Base.lproj/LaunchScreen.storyboard; sourceTree = "<group>"; };
		522B1045229CD612006B2721 /* Info.plist */ = {isa = PBXFileReference; lastKnownFileType = text.plist.xml; path = Info.plist; sourceTree = "<group>"; };
		522B1046229CD612006B2721 /* main.m */ = {isa = PBXFileReference; lastKnownFileType = sourcecode.c.objc; path = main.m; sourceTree = "<group>"; };
		522B104F229CF869006B2721 /* Base */ = {isa = PBXFileReference; lastKnownFileType = file.storyboard; name = Base; path = RunLoopDemo/Base.lproj/ExitThread.storyboard; sourceTree = "<group>"; };
		522B1051229CF9F4006B2721 /* KeepThreadBusyViewController.h */ = {isa = PBXFileReference; lastKnownFileType = sourcecode.c.h; path = KeepThreadBusyViewController.h; sourceTree = "<group>"; };
		522B1052229CF9F4006B2721 /* KeepThreadBusyViewController.m */ = {isa = PBXFileReference; lastKnownFileType = sourcecode.c.objc; path = KeepThreadBusyViewController.m; sourceTree = "<group>"; };
		522B1054229CFA10006B2721 /* TZThread.h */ = {isa = PBXFileReference; lastKnownFileType = sourcecode.c.h; path = TZThread.h; sourceTree = "<group>"; };
		522B1055229CFA10006B2721 /* TZThread.m */ = {isa = PBXFileReference; lastKnownFileType = sourcecode.c.objc; path = TZThread.m; sourceTree = "<group>"; };
		522B1057229CFAFF006B2721 /* CFRunLoop.c */ = {isa = PBXFileReference; lastKnownFileType = sourcecode.c.c; path = CFRunLoop.c; sourceTree = "<group>"; };
		522B1058229CFAFF006B2721 /* CFRunLoop.h */ = {isa = PBXFileReference; lastKnownFileType = sourcecode.c.h; path = CFRunLoop.h; sourceTree = "<group>"; };
		522B105A229CFDFE006B2721 /* TableViewController.h */ = {isa = PBXFileReference; lastKnownFileType = sourcecode.c.h; path = TableViewController.h; sourceTree = "<group>"; };
		522B105B229CFDFE006B2721 /* TableViewController.m */ = {isa = PBXFileReference; lastKnownFileType = sourcecode.c.objc; path = TableViewController.m; sourceTree = "<group>"; };
		522B1060229D0CF6006B2721 /* RLModesViewController.h */ = {isa = PBXFileReference; lastKnownFileType = sourcecode.c.h; path = RLModesViewController.h; sourceTree = "<group>"; };
		522B1061229D0CF6006B2721 /* RLModesViewController.m */ = {isa = PBXFileReference; lastKnownFileType = sourcecode.c.objc; path = RLModesViewController.m; sourceTree = "<group>"; };
		522B1064229D0D29006B2721 /* Base */ = {isa = PBXFileReference; lastKnownFileType = file.storyboard; name = Base; path = RunLoopDemo/others/Base.lproj/RLModes.storyboard; sourceTree = "<group>"; };
		522B1068229D32A7006B2721 /* ObserverViewController.h */ = {isa = PBXFileReference; lastKnownFileType = sourcecode.c.h; path = ObserverViewController.h; sourceTree = "<group>"; };
		522B1069229D32A7006B2721 /* ObserverViewController.m */ = {isa = PBXFileReference; lastKnownFileType = sourcecode.c.objc; path = ObserverViewController.m; sourceTree = "<group>"; };
		522B106C229D330E006B2721 /* Base */ = {isa = PBXFileReference; lastKnownFileType = file.storyboard; name = Base; path = RunLoopDemo/others/Base.lproj/RLObserver.storyboard; sourceTree = "<group>"; };
		522B106F229D3D7F006B2721 /* RunLoopSource.h */ = {isa = PBXFileReference; lastKnownFileType = sourcecode.c.h; path = RunLoopSource.h; sourceTree = "<group>"; };
		522B1070229D3D7F006B2721 /* RunLoopSource.m */ = {isa = PBXFileReference; lastKnownFileType = sourcecode.c.objc; path = RunLoopSource.m; sourceTree = "<group>"; };
		522B1072229D3EF3006B2721 /* RunLoopContext.h */ = {isa = PBXFileReference; lastKnownFileType = sourcecode.c.h; path = RunLoopContext.h; sourceTree = "<group>"; };
		522B1073229D3EF3006B2721 /* RunLoopContext.m */ = {isa = PBXFileReference; lastKnownFileType = sourcecode.c.objc; path = RunLoopContext.m; sourceTree = "<group>"; };
		522B1075229E479B006B2721 /* HeavyTaskThread.h */ = {isa = PBXFileReference; lastKnownFileType = sourcecode.c.h; path = HeavyTaskThread.h; sourceTree = "<group>"; };
		522B1076229E479B006B2721 /* HeavyTaskThread.m */ = {isa = PBXFileReference; lastKnownFileType = sourcecode.c.objc; path = HeavyTaskThread.m; sourceTree = "<group>"; };
		522B1078229E54CE006B2721 /* CustomInputSouceViewController.h */ = {isa = PBXFileReference; lastKnownFileType = sourcecode.c.h; path = CustomInputSouceViewController.h; sourceTree = "<group>"; };
		522B1079229E54CE006B2721 /* CustomInputSouceViewController.m */ = {isa = PBXFileReference; lastKnownFileType = sourcecode.c.objc; path = CustomInputSouceViewController.m; sourceTree = "<group>"; };
		522B107C229E550C006B2721 /* Base */ = {isa = PBXFileReference; lastKnownFileType = file.storyboard; name = Base; path = RunLoopDemo/others/Base.lproj/CustomInput.storyboard; sourceTree = "<group>"; };
		522B107F229E66E3006B2721 /* PortInoutSourceViewController.h */ = {isa = PBXFileReference; lastKnownFileType = sourcecode.c.h; path = PortInoutSourceViewController.h; sourceTree = "<group>"; };
		522B1080229E66E3006B2721 /* PortInoutSourceViewController.m */ = {isa = PBXFileReference; lastKnownFileType = sourcecode.c.objc; path = PortInoutSourceViewController.m; sourceTree = "<group>"; };
		522B1082229E67FF006B2721 /* MyWorkerClass.h */ = {isa = PBXFileReference; lastKnownFileType = sourcecode.c.h; path = MyWorkerClass.h; sourceTree = "<group>"; };
		522B1083229E67FF006B2721 /* MyWorkerClass.m */ = {isa = PBXFileReference; lastKnownFileType = sourcecode.c.objc; path = MyWorkerClass.m; sourceTree = "<group>"; };
		522B1086229E72AE006B2721 /* Base */ = {isa = PBXFileReference; lastKnownFileType = file.storyboard; name = Base; path = "RunLoopDemo/others/Base.lproj/Port-Based.storyboard"; sourceTree = "<group>"; };
		522B1088229F6F85006B2721 /* README.md */ = {isa = PBXFileReference; fileEncoding = 4; lastKnownFileType = net.daringfireball.markdown; path = README.md; sourceTree = SOURCE_ROOT; };
/* End PBXFileReference section */

/* Begin PBXFrameworksBuildPhase section */
		522B1031229CD610006B2721 /* Frameworks */ = {
			isa = PBXFrameworksBuildPhase;
			buildActionMask = 2147483647;
			files = (
			);
			runOnlyForDeploymentPostprocessing = 0;
		};
/* End PBXFrameworksBuildPhase section */

/* Begin PBXGroup section */
		522B102B229CD610006B2721 = {
			isa = PBXGroup;
			children = (
				522B1036229CD611006B2721 /* RunLoopDemo */,
				522B1035229CD611006B2721 /* Products */,
			);
			sourceTree = "<group>";
		};
		522B1035229CD611006B2721 /* Products */ = {
			isa = PBXGroup;
			children = (
				522B1034229CD611006B2721 /* RunLoopDemo.app */,
			);
			name = Products;
			sourceTree = "<group>";
		};
		522B1036229CD611006B2721 /* RunLoopDemo */ = {
			isa = PBXGroup;
			children = (
				522B1059229CFB07006B2721 /* CFRunLoopSource */,
				522B1054229CFA10006B2721 /* TZThread.h */,
				522B1055229CFA10006B2721 /* TZThread.m */,
				522B105A229CFDFE006B2721 /* TableViewController.h */,
				522B105B229CFDFE006B2721 /* TableViewController.m */,
				522B107E229E668E006B2721 /* Port-Based Input Source */,
				522B106E229D39AD006B2721 /* Custom input source */,
				522B105D229D0C29006B2721 /* KeepThreadBusy */,
				522B105F229D0CDD006B2721 /* RunLoopModes */,
				522B1067229D3271006B2721 /* RunLoopObserver */,
				522B105E229D0C5A006B2721 /* others */,
				522B1088229F6F85006B2721 /* README.md */,
			);
			path = RunLoopDemo;
			sourceTree = "<group>";
		};
		522B1059229CFB07006B2721 /* CFRunLoopSource */ = {
			isa = PBXGroup;
			children = (
				522B1057229CFAFF006B2721 /* CFRunLoop.c */,
				522B1058229CFAFF006B2721 /* CFRunLoop.h */,
			);
			path = CFRunLoopSource;
			sourceTree = "<group>";
		};
		522B105D229D0C29006B2721 /* KeepThreadBusy */ = {
			isa = PBXGroup;
			children = (
				522B104E229CF869006B2721 /* ExitThread.storyboard */,
				522B1051229CF9F4006B2721 /* KeepThreadBusyViewController.h */,
				522B1052229CF9F4006B2721 /* KeepThreadBusyViewController.m */,
			);
			path = KeepThreadBusy;
			sourceTree = "<group>";
		};
		522B105E229D0C5A006B2721 /* others */ = {
			isa = PBXGroup;
			children = (
				522B1037229CD611006B2721 /* AppDelegate.h */,
				522B1038229CD611006B2721 /* AppDelegate.m */,
				522B103D229CD611006B2721 /* Main.storyboard */,
				522B1040229CD612006B2721 /* Assets.xcassets */,
				522B1042229CD612006B2721 /* LaunchScreen.storyboard */,
				522B1045229CD612006B2721 /* Info.plist */,
				522B1046229CD612006B2721 /* main.m */,
			);
			path = others;
			sourceTree = "<group>";
		};
		522B105F229D0CDD006B2721 /* RunLoopModes */ = {
			isa = PBXGroup;
			children = (
				522B1060229D0CF6006B2721 /* RLModesViewController.h */,
				522B1061229D0CF6006B2721 /* RLModesViewController.m */,
				522B1063229D0D29006B2721 /* RLModes.storyboard */,
			);
			path = RunLoopModes;
			sourceTree = "<group>";
		};
		522B1067229D3271006B2721 /* RunLoopObserver */ = {
			isa = PBXGroup;
			children = (
				522B1068229D32A7006B2721 /* ObserverViewController.h */,
				522B1069229D32A7006B2721 /* ObserverViewController.m */,
				522B106B229D330E006B2721 /* RLObserver.storyboard */,
			);
			path = RunLoopObserver;
			sourceTree = "<group>";
		};
		522B106E229D39AD006B2721 /* Custom input source */ = {
			isa = PBXGroup;
			children = (
				522B106F229D3D7F006B2721 /* RunLoopSource.h */,
				522B1070229D3D7F006B2721 /* RunLoopSource.m */,
				522B1072229D3EF3006B2721 /* RunLoopContext.h */,
				522B1073229D3EF3006B2721 /* RunLoopContext.m */,
				522B1075229E479B006B2721 /* HeavyTaskThread.h */,
				522B1076229E479B006B2721 /* HeavyTaskThread.m */,
				522B1078229E54CE006B2721 /* CustomInputSouceViewController.h */,
				522B1079229E54CE006B2721 /* CustomInputSouceViewController.m */,
				522B107B229E550C006B2721 /* CustomInput.storyboard */,
			);
			path = "Custom input source";
			sourceTree = "<group>";
		};
		522B107E229E668E006B2721 /* Port-Based Input Source */ = {
			isa = PBXGroup;
			children = (
				522B107F229E66E3006B2721 /* PortInoutSourceViewController.h */,
				522B1080229E66E3006B2721 /* PortInoutSourceViewController.m */,
				522B1082229E67FF006B2721 /* MyWorkerClass.h */,
				522B1083229E67FF006B2721 /* MyWorkerClass.m */,
				522B1085229E72AE006B2721 /* Port-Based.storyboard */,
			);
			path = "Port-Based Input Source";
			sourceTree = "<group>";
		};
/* End PBXGroup section */

/* Begin PBXNativeTarget section */
		522B1033229CD610006B2721 /* RunLoopDemo */ = {
			isa = PBXNativeTarget;
			buildConfigurationList = 522B104A229CD612006B2721 /* Build configuration list for PBXNativeTarget "RunLoopDemo" */;
			buildPhases = (
				522B1030229CD610006B2721 /* Sources */,
				522B1031229CD610006B2721 /* Frameworks */,
				522B1032229CD610006B2721 /* Resources */,
			);
			buildRules = (
			);
			dependencies = (
			);
			name = RunLoopDemo;
			productName = RunLoopDemo;
			productReference = 522B1034229CD611006B2721 /* RunLoopDemo.app */;
			productType = "com.apple.product-type.application";
		};
/* End PBXNativeTarget section */

/* Begin PBXProject section */
		522B102C229CD610006B2721 /* Project object */ = {
			isa = PBXProject;
			attributes = {
				LastUpgradeCheck = 1020;
				ORGANIZATIONNAME = "Tyrone Zhang";
				TargetAttributes = {
					522B1033229CD610006B2721 = {
						CreatedOnToolsVersion = 10.2.1;
					};
				};
			};
			buildConfigurationList = 522B102F229CD610006B2721 /* Build configuration list for PBXProject "RunLoopDemo" */;
			compatibilityVersion = "Xcode 9.3";
			developmentRegion = en;
			hasScannedForEncodings = 0;
			knownRegions = (
				en,
				Base,
			);
			mainGroup = 522B102B229CD610006B2721;
			productRefGroup = 522B1035229CD611006B2721 /* Products */;
			projectDirPath = "";
			projectRoot = "";
			targets = (
				522B1033229CD610006B2721 /* RunLoopDemo */,
			);
		};
/* End PBXProject section */

/* Begin PBXResourcesBuildPhase section */
		522B1032229CD610006B2721 /* Resources */ = {
			isa = PBXResourcesBuildPhase;
			buildActionMask = 2147483647;
			files = (
				522B1044229CD612006B2721 /* LaunchScreen.storyboard in Resources */,
				522B1041229CD612006B2721 /* Assets.xcassets in Resources */,
				522B1050229CF869006B2721 /* ExitThread.storyboard in Resources */,
				522B103F229CD611006B2721 /* Main.storyboard in Resources */,
				522B106D229D330E006B2721 /* RLObserver.storyboard in Resources */,
				522B1087229E72AE006B2721 /* Port-Based.storyboard in Resources */,
				522B1089229F6F85006B2721 /* README.md in Resources */,
				522B107D229E550C006B2721 /* CustomInput.storyboard in Resources */,
				522B1065229D0D29006B2721 /* RLModes.storyboard in Resources */,
			);
			runOnlyForDeploymentPostprocessing = 0;
		};
/* End PBXResourcesBuildPhase section */

/* Begin PBXSourcesBuildPhase section */
		522B1030229CD610006B2721 /* Sources */ = {
			isa = PBXSourcesBuildPhase;
			buildActionMask = 2147483647;
			files = (
				522B1053229CF9F4006B2721 /* KeepThreadBusyViewController.m in Sources */,
				522B1062229D0CF6006B2721 /* RLModesViewController.m in Sources */,
				522B1077229E479B006B2721 /* HeavyTaskThread.m in Sources */,
				522B1071229D3D7F006B2721 /* RunLoopSource.m in Sources */,
				522B1074229D3EF3006B2721 /* RunLoopContext.m in Sources */,
				522B106A229D32A7006B2721 /* ObserverViewController.m in Sources */,
				522B1081229E66E3006B2721 /* PortInoutSourceViewController.m in Sources */,
				522B1047229CD612006B2721 /* main.m in Sources */,
				522B1039229CD611006B2721 /* AppDelegate.m in Sources */,
				522B105C229CFDFE006B2721 /* TableViewController.m in Sources */,
				522B1056229CFA10006B2721 /* TZThread.m in Sources */,
				522B107A229E54CE006B2721 /* CustomInputSouceViewController.m in Sources */,
				522B1084229E67FF006B2721 /* MyWorkerClass.m in Sources */,
			);
			runOnlyForDeploymentPostprocessing = 0;
		};
/* End PBXSourcesBuildPhase section */

/* Begin PBXVariantGroup section */
		522B103D229CD611006B2721 /* Main.storyboard */ = {
			isa = PBXVariantGroup;
			children = (
				522B103E229CD611006B2721 /* Base */,
			);
			name = Main.storyboard;
			sourceTree = "<group>";
		};
		522B1042229CD612006B2721 /* LaunchScreen.storyboard */ = {
			isa = PBXVariantGroup;
			children = (
				522B1043229CD612006B2721 /* Base */,
			);
			name = LaunchScreen.storyboard;
			sourceTree = "<group>";
		};
		522B104E229CF869006B2721 /* ExitThread.storyboard */ = {
			isa = PBXVariantGroup;
			children = (
				522B104F229CF869006B2721 /* Base */,
			);
			name = ExitThread.storyboard;
			sourceTree = "<group>";
		};
		522B1063229D0D29006B2721 /* RLModes.storyboard */ = {
			isa = PBXVariantGroup;
			children = (
				522B1064229D0D29006B2721 /* Base */,
			);
			name = RLModes.storyboard;
			sourceTree = "<group>";
		};
		522B106B229D330E006B2721 /* RLObserver.storyboard */ = {
			isa = PBXVariantGroup;
			children = (
				522B106C229D330E006B2721 /* Base */,
			);
			name = RLObserver.storyboard;
			sourceTree = "<group>";
		};
		522B107B229E550C006B2721 /* CustomInput.storyboard */ = {
			isa = PBXVariantGroup;
			children = (
				522B107C229E550C006B2721 /* Base */,
			);
			name = CustomInput.storyboard;
			sourceTree = "<group>";
		};
		522B1085229E72AE006B2721 /* Port-Based.storyboard */ = {
			isa = PBXVariantGroup;
			children = (
				522B1086229E72AE006B2721 /* Base */,
			);
			name = "Port-Based.storyboard";
			sourceTree = "<group>";
		};
/* End PBXVariantGroup section */

/* Begin XCBuildConfiguration section */
		522B1048229CD612006B2721 /* Debug */ = {
			isa = XCBuildConfiguration;
			buildSettings = {
				ALWAYS_SEARCH_USER_PATHS = NO;
				CLANG_ANALYZER_NONNULL = YES;
				CLANG_ANALYZER_NUMBER_OBJECT_CONVERSION = YES_AGGRESSIVE;
				CLANG_CXX_LANGUAGE_STANDARD = "gnu++14";
				CLANG_CXX_LIBRARY = "libc++";
				CLANG_ENABLE_MODULES = YES;
				CLANG_ENABLE_OBJC_ARC = YES;
				CLANG_ENABLE_OBJC_WEAK = YES;
				CLANG_WARN_BLOCK_CAPTURE_AUTORELEASING = YES;
				CLANG_WARN_BOOL_CONVERSION = YES;
				CLANG_WARN_COMMA = YES;
				CLANG_WARN_CONSTANT_CONVERSION = YES;
				CLANG_WARN_DEPRECATED_OBJC_IMPLEMENTATIONS = YES;
				CLANG_WARN_DIRECT_OBJC_ISA_USAGE = YES_ERROR;
				CLANG_WARN_DOCUMENTATION_COMMENTS = YES;
				CLANG_WARN_EMPTY_BODY = YES;
				CLANG_WARN_ENUM_CONVERSION = YES;
				CLANG_WARN_INFINITE_RECURSION = YES;
				CLANG_WARN_INT_CONVERSION = YES;
				CLANG_WARN_NON_LITERAL_NULL_CONVERSION = YES;
				CLANG_WARN_OBJC_IMPLICIT_RETAIN_SELF = YES;
				CLANG_WARN_OBJC_LITERAL_CONVERSION = YES;
				CLANG_WARN_OBJC_ROOT_CLASS = YES_ERROR;
				CLANG_WARN_RANGE_LOOP_ANALYSIS = YES;
				CLANG_WARN_STRICT_PROTOTYPES = YES;
				CLANG_WARN_SUSPICIOUS_MOVE = YES;
				CLANG_WARN_UNGUARDED_AVAILABILITY = YES_AGGRESSIVE;
				CLANG_WARN_UNREACHABLE_CODE = YES;
				CLANG_WARN__DUPLICATE_METHOD_MATCH = YES;
				CODE_SIGN_IDENTITY = "iPhone Developer";
				COPY_PHASE_STRIP = NO;
				DEBUG_INFORMATION_FORMAT = dwarf;
				ENABLE_STRICT_OBJC_MSGSEND = YES;
				ENABLE_TESTABILITY = YES;
				GCC_C_LANGUAGE_STANDARD = gnu11;
				GCC_DYNAMIC_NO_PIC = NO;
				GCC_NO_COMMON_BLOCKS = YES;
				GCC_OPTIMIZATION_LEVEL = 0;
				GCC_PREPROCESSOR_DEFINITIONS = (
					"DEBUG=1",
					"$(inherited)",
				);
				GCC_WARN_64_TO_32_BIT_CONVERSION = YES;
				GCC_WARN_ABOUT_RETURN_TYPE = YES_ERROR;
				GCC_WARN_UNDECLARED_SELECTOR = YES;
				GCC_WARN_UNINITIALIZED_AUTOS = YES_AGGRESSIVE;
				GCC_WARN_UNUSED_FUNCTION = YES;
				GCC_WARN_UNUSED_VARIABLE = YES;
				IPHONEOS_DEPLOYMENT_TARGET = 12.2;
				MTL_ENABLE_DEBUG_INFO = INCLUDE_SOURCE;
				MTL_FAST_MATH = YES;
				ONLY_ACTIVE_ARCH = YES;
				SDKROOT = iphoneos;
			};
			name = Debug;
		};
		522B1049229CD612006B2721 /* Release */ = {
			isa = XCBuildConfiguration;
			buildSettings = {
				ALWAYS_SEARCH_USER_PATHS = NO;
				CLANG_ANALYZER_NONNULL = YES;
				CLANG_ANALYZER_NUMBER_OBJECT_CONVERSION = YES_AGGRESSIVE;
				CLANG_CXX_LANGUAGE_STANDARD = "gnu++14";
				CLANG_CXX_LIBRARY = "libc++";
				CLANG_ENABLE_MODULES = YES;
				CLANG_ENABLE_OBJC_ARC = YES;
				CLANG_ENABLE_OBJC_WEAK = YES;
				CLANG_WARN_BLOCK_CAPTURE_AUTORELEASING = YES;
				CLANG_WARN_BOOL_CONVERSION = YES;
				CLANG_WARN_COMMA = YES;
				CLANG_WARN_CONSTANT_CONVERSION = YES;
				CLANG_WARN_DEPRECATED_OBJC_IMPLEMENTATIONS = YES;
				CLANG_WARN_DIRECT_OBJC_ISA_USAGE = YES_ERROR;
				CLANG_WARN_DOCUMENTATION_COMMENTS = YES;
				CLANG_WARN_EMPTY_BODY = YES;
				CLANG_WARN_ENUM_CONVERSION = YES;
				CLANG_WARN_INFINITE_RECURSION = YES;
				CLANG_WARN_INT_CONVERSION = YES;
				CLANG_WARN_NON_LITERAL_NULL_CONVERSION = YES;
				CLANG_WARN_OBJC_IMPLICIT_RETAIN_SELF = YES;
				CLANG_WARN_OBJC_LITERAL_CONVERSION = YES;
				CLANG_WARN_OBJC_ROOT_CLASS = YES_ERROR;
				CLANG_WARN_RANGE_LOOP_ANALYSIS = YES;
				CLANG_WARN_STRICT_PROTOTYPES = YES;
				CLANG_WARN_SUSPICIOUS_MOVE = YES;
				CLANG_WARN_UNGUARDED_AVAILABILITY = YES_AGGRESSIVE;
				CLANG_WARN_UNREACHABLE_CODE = YES;
				CLANG_WARN__DUPLICATE_METHOD_MATCH = YES;
				CODE_SIGN_IDENTITY = "iPhone Developer";
				COPY_PHASE_STRIP = NO;
				DEBUG_INFORMATION_FORMAT = "dwarf-with-dsym";
				ENABLE_NS_ASSERTIONS = NO;
				ENABLE_STRICT_OBJC_MSGSEND = YES;
				GCC_C_LANGUAGE_STANDARD = gnu11;
				GCC_NO_COMMON_BLOCKS = YES;
				GCC_WARN_64_TO_32_BIT_CONVERSION = YES;
				GCC_WARN_ABOUT_RETURN_TYPE = YES_ERROR;
				GCC_WARN_UNDECLARED_SELECTOR = YES;
				GCC_WARN_UNINITIALIZED_AUTOS = YES_AGGRESSIVE;
				GCC_WARN_UNUSED_FUNCTION = YES;
				GCC_WARN_UNUSED_VARIABLE = YES;
				IPHONEOS_DEPLOYMENT_TARGET = 12.2;
				MTL_ENABLE_DEBUG_INFO = NO;
				MTL_FAST_MATH = YES;
				SDKROOT = iphoneos;
				VALIDATE_PRODUCT = YES;
			};
			name = Release;
		};
		522B104B229CD612006B2721 /* Debug */ = {
			isa = XCBuildConfiguration;
			buildSettings = {
				ASSETCATALOG_COMPILER_APPICON_NAME = AppIcon;
				CODE_SIGN_STYLE = Automatic;
				DEVELOPMENT_TEAM = Z9HQ27ZS5C;
				INFOPLIST_FILE = "$(SRCROOT)/RunLoopDemo/others/Info.plist";
				LD_RUNPATH_SEARCH_PATHS = (
					"$(inherited)",
					"@executable_path/Frameworks",
				);
				PRODUCT_BUNDLE_IDENTIFIER = "-24247693.RunLoopDemo";
				PRODUCT_NAME = "$(TARGET_NAME)";
				TARGETED_DEVICE_FAMILY = "1,2";
			};
			name = Debug;
		};
		522B104C229CD612006B2721 /* Release */ = {
			isa = XCBuildConfiguration;
			buildSettings = {
				ASSETCATALOG_COMPILER_APPICON_NAME = AppIcon;
				CODE_SIGN_STYLE = Automatic;
				DEVELOPMENT_TEAM = Z9HQ27ZS5C;
				INFOPLIST_FILE = "$(SRCROOT)/RunLoopDemo/others/Info.plist";
				LD_RUNPATH_SEARCH_PATHS = (
					"$(inherited)",
					"@executable_path/Frameworks",
				);
				PRODUCT_BUNDLE_IDENTIFIER = "-24247693.RunLoopDemo";
				PRODUCT_NAME = "$(TARGET_NAME)";
				TARGETED_DEVICE_FAMILY = "1,2";
			};
			name = Release;
		};
/* End XCBuildConfiguration section */

/* Begin XCConfigurationList section */
		522B102F229CD610006B2721 /* Build configuration list for PBXProject "RunLoopDemo" */ = {
			isa = XCConfigurationList;
			buildConfigurations = (
				522B1048229CD612006B2721 /* Debug */,
				522B1049229CD612006B2721 /* Release */,
			);
			defaultConfigurationIsVisible = 0;
			defaultConfigurationName = Release;
		};
		522B104A229CD612006B2721 /* Build configuration list for PBXNativeTarget "RunLoopDemo" */ = {
			isa = XCConfigurationList;
			buildConfigurations = (
				522B104B229CD612006B2721 /* Debug */,
				522B104C229CD612006B2721 /* Release */,
			);
			defaultConfigurationIsVisible = 0;
			defaultConfigurationName = Release;
		};
/* End XCConfigurationList section */
	};
	rootObject = 522B102C229CD610006B2721 /* Project object */;
}
